// !$*UTF8*$!
{
	archiveVersion = 1;
	classes = {
	};
	objectVersion = 46;
	objects = {

/* Begin PBXBuildFile section */
		21FA323C1DE3BC8C0088590D /* AppDelegate.swift in Sources */ = {isa = PBXBuildFile; fileRef = 21FA323B1DE3BC8C0088590D /* AppDelegate.swift */; };
		21FA323E1DE3BC8C0088590D /* ViewController.swift in Sources */ = {isa = PBXBuildFile; fileRef = 21FA323D1DE3BC8C0088590D /* ViewController.swift */; };
		21FA32411DE3BC8C0088590D /* Main.storyboard in Resources */ = {isa = PBXBuildFile; fileRef = 21FA323F1DE3BC8C0088590D /* Main.storyboard */; };
		21FA32441DE3BC8C0088590D /* World.xcdatamodeld in Sources */ = {isa = PBXBuildFile; fileRef = 21FA32421DE3BC8C0088590D /* World.xcdatamodeld */; };
		21FA32461DE3BC8C0088590D /* Assets.xcassets in Resources */ = {isa = PBXBuildFile; fileRef = 21FA32451DE3BC8C0088590D /* Assets.xcassets */; };
		21FA32491DE3BC8C0088590D /* LaunchScreen.storyboard in Resources */ = {isa = PBXBuildFile; fileRef = 21FA32471DE3BC8C0088590D /* LaunchScreen.storyboard */; };
		21FA32541DE3BC8C0088590D /* WorldTests.swift in Sources */ = {isa = PBXBuildFile; fileRef = 21FA32531DE3BC8C0088590D /* WorldTests.swift */; };
		21FA325F1DE3BC8C0088590D /* WorldUITests.swift in Sources */ = {isa = PBXBuildFile; fileRef = 21FA325E1DE3BC8C0088590D /* WorldUITests.swift */; };
/* End PBXBuildFile section */

/* Begin PBXContainerItemProxy section */
		21FA32501DE3BC8C0088590D /* PBXContainerItemProxy */ = {
			isa = PBXContainerItemProxy;
			containerPortal = 21FA32301DE3BC8C0088590D /* Project object */;
			proxyType = 1;
			remoteGlobalIDString = 21FA32371DE3BC8C0088590D;
			remoteInfo = World;
		};
		21FA325B1DE3BC8C0088590D /* PBXContainerItemProxy */ = {
			isa = PBXContainerItemProxy;
			containerPortal = 21FA32301DE3BC8C0088590D /* Project object */;
			proxyType = 1;
			remoteGlobalIDString = 21FA32371DE3BC8C0088590D;
			remoteInfo = World;
		};
/* End PBXContainerItemProxy section */

/* Begin PBXFileReference section */
		21FA32381DE3BC8C0088590D /* World.app */ = {isa = PBXFileReference; explicitFileType = wrapper.application; includeInIndex = 0; path = World.app; sourceTree = BUILT_PRODUCTS_DIR; };
		21FA323B1DE3BC8C0088590D /* AppDelegate.swift */ = {isa = PBXFileReference; lastKnownFileType = sourcecode.swift; path = AppDelegate.swift; sourceTree = "<group>"; };
		21FA323D1DE3BC8C0088590D /* ViewController.swift */ = {isa = PBXFileReference; lastKnownFileType = sourcecode.swift; path = ViewController.swift; sourceTree = "<group>"; };
		21FA32401DE3BC8C0088590D /* Base */ = {isa = PBXFileReference; lastKnownFileType = file.storyboard; name = Base; path = Base.lproj/Main.storyboard; sourceTree = "<group>"; };
		21FA32431DE3BC8C0088590D /* World.xcdatamodel */ = {isa = PBXFileReference; lastKnownFileType = wrapper.xcdatamodel; path = World.xcdatamodel; sourceTree = "<group>"; };
		21FA32451DE3BC8C0088590D /* Assets.xcassets */ = {isa = PBXFileReference; lastKnownFileType = folder.assetcatalog; path = Assets.xcassets; sourceTree = "<group>"; };
		21FA32481DE3BC8C0088590D /* Base */ = {isa = PBXFileReference; lastKnownFileType = file.storyboard; name = Base; path = Base.lproj/LaunchScreen.storyboard; sourceTree = "<group>"; };
		21FA324A1DE3BC8C0088590D /* Info.plist */ = {isa = PBXFileReference; lastKnownFileType = text.plist.xml; path = Info.plist; sourceTree = "<group>"; };
		21FA324F1DE3BC8C0088590D /* WorldTests.xctest */ = {isa = PBXFileReference; explicitFileType = wrapper.cfbundle; includeInIndex = 0; path = WorldTests.xctest; sourceTree = BUILT_PRODUCTS_DIR; };
		21FA32531DE3BC8C0088590D /* WorldTests.swift */ = {isa = PBXFileReference; lastKnownFileType = sourcecode.swift; path = WorldTests.swift; sourceTree = "<group>"; };
		21FA32551DE3BC8C0088590D /* Info.plist */ = {isa = PBXFileReference; lastKnownFileType = text.plist.xml; path = Info.plist; sourceTree = "<group>"; };
		21FA325A1DE3BC8C0088590D /* WorldUITests.xctest */ = {isa = PBXFileReference; explicitFileType = wrapper.cfbundle; includeInIndex = 0; path = WorldUITests.xctest; sourceTree = BUILT_PRODUCTS_DIR; };
		21FA325E1DE3BC8C0088590D /* WorldUITests.swift */ = {isa = PBXFileReference; lastKnownFileType = sourcecode.swift; path = WorldUITests.swift; sourceTree = "<group>"; };
		21FA32601DE3BC8C0088590D /* Info.plist */ = {isa = PBXFileReference; lastKnownFileType = text.plist.xml; path = Info.plist; sourceTree = "<group>"; };
/* End PBXFileReference section */

/* Begin PBXFrameworksBuildPhase section */
		21FA32351DE3BC8C0088590D /* Frameworks */ = {
			isa = PBXFrameworksBuildPhase;
			buildActionMask = 2147483647;
			files = (
			);
			runOnlyForDeploymentPostprocessing = 0;
		};
		21FA324C1DE3BC8C0088590D /* Frameworks */ = {
			isa = PBXFrameworksBuildPhase;
			buildActionMask = 2147483647;
			files = (
			);
			runOnlyForDeploymentPostprocessing = 0;
		};
		21FA32571DE3BC8C0088590D /* Frameworks */ = {
			isa = PBXFrameworksBuildPhase;
			buildActionMask = 2147483647;
			files = (
			);
			runOnlyForDeploymentPostprocessing = 0;
		};
/* End PBXFrameworksBuildPhase section */

/* Begin PBXGroup section */
		21FA322F1DE3BC8C0088590D = {
			isa = PBXGroup;
			children = (
				21FA323A1DE3BC8C0088590D /* World */,
				21FA32521DE3BC8C0088590D /* WorldTests */,
				21FA325D1DE3BC8C0088590D /* WorldUITests */,
				21FA32391DE3BC8C0088590D /* Products */,
			);
			sourceTree = "<group>";
		};
		21FA32391DE3BC8C0088590D /* Products */ = {
			isa = PBXGroup;
			children = (
				21FA32381DE3BC8C0088590D /* World.app */,
				21FA324F1DE3BC8C0088590D /* WorldTests.xctest */,
				21FA325A1DE3BC8C0088590D /* WorldUITests.xctest */,
			);
			name = Products;
			sourceTree = "<group>";
		};
		21FA323A1DE3BC8C0088590D /* World */ = {
			isa = PBXGroup;
			children = (
				21FA323B1DE3BC8C0088590D /* AppDelegate.swift */,
				21FA323D1DE3BC8C0088590D /* ViewController.swift */,
				21FA323F1DE3BC8C0088590D /* Main.storyboard */,
				21FA32451DE3BC8C0088590D /* Assets.xcassets */,
				21FA32471DE3BC8C0088590D /* LaunchScreen.storyboard */,
				21FA324A1DE3BC8C0088590D /* Info.plist */,
				21FA32421DE3BC8C0088590D /* World.xcdatamodeld */,
			);
			path = World;
			sourceTree = "<group>";
		};
		21FA32521DE3BC8C0088590D /* WorldTests */ = {
			isa = PBXGroup;
			children = (
				21FA32531DE3BC8C0088590D /* WorldTests.swift */,
				21FA32551DE3BC8C0088590D /* Info.plist */,
			);
			path = WorldTests;
			sourceTree = "<group>";
		};
		21FA325D1DE3BC8C0088590D /* WorldUITests */ = {
			isa = PBXGroup;
			children = (
				21FA325E1DE3BC8C0088590D /* WorldUITests.swift */,
				21FA32601DE3BC8C0088590D /* Info.plist */,
			);
			path = WorldUITests;
			sourceTree = "<group>";
		};
/* End PBXGroup section */

/* Begin PBXNativeTarget section */
		21FA32371DE3BC8C0088590D /* World */ = {
			isa = PBXNativeTarget;
			buildConfigurationList = 21FA32631DE3BC8C0088590D /* Build configuration list for PBXNativeTarget "World" */;
			buildPhases = (
				21FA32341DE3BC8C0088590D /* Sources */,
				21FA32351DE3BC8C0088590D /* Frameworks */,
				21FA32361DE3BC8C0088590D /* Resources */,
			);
			buildRules = (
			);
			dependencies = (
			);
			name = World;
			productName = World;
			productReference = 21FA32381DE3BC8C0088590D /* World.app */;
			productType = "com.apple.product-type.application";
		};
		21FA324E1DE3BC8C0088590D /* WorldTests */ = {
			isa = PBXNativeTarget;
			buildConfigurationList = 21FA32661DE3BC8C0088590D /* Build configuration list for PBXNativeTarget "WorldTests" */;
			buildPhases = (
				21FA324B1DE3BC8C0088590D /* Sources */,
				21FA324C1DE3BC8C0088590D /* Frameworks */,
				21FA324D1DE3BC8C0088590D /* Resources */,
			);
			buildRules = (
			);
			dependencies = (
				21FA32511DE3BC8C0088590D /* PBXTargetDependency */,
			);
			name = WorldTests;
			productName = WorldTests;
			productReference = 21FA324F1DE3BC8C0088590D /* WorldTests.xctest */;
			productType = "com.apple.product-type.bundle.unit-test";
		};
		21FA32591DE3BC8C0088590D /* WorldUITests */ = {
			isa = PBXNativeTarget;
			buildConfigurationList = 21FA32691DE3BC8C0088590D /* Build configuration list for PBXNativeTarget "WorldUITests" */;
			buildPhases = (
				21FA32561DE3BC8C0088590D /* Sources */,
				21FA32571DE3BC8C0088590D /* Frameworks */,
				21FA32581DE3BC8C0088590D /* Resources */,
			);
			buildRules = (
			);
			dependencies = (
				21FA325C1DE3BC8C0088590D /* PBXTargetDependency */,
			);
			name = WorldUITests;
			productName = WorldUITests;
			productReference = 21FA325A1DE3BC8C0088590D /* WorldUITests.xctest */;
			productType = "com.apple.product-type.bundle.ui-testing";
		};
/* End PBXNativeTarget section */

/* Begin PBXProject section */
		21FA32301DE3BC8C0088590D /* Project object */ = {
			isa = PBXProject;
			attributes = {
				LastSwiftUpdateCheck = 0810;
				LastUpgradeCheck = 0810;
				ORGANIZATIONNAME = "Joseph Leichter";
				TargetAttributes = {
					21FA32371DE3BC8C0088590D = {
						CreatedOnToolsVersion = 8.1;
						ProvisioningStyle = Automatic;
					};
					21FA324E1DE3BC8C0088590D = {
						CreatedOnToolsVersion = 8.1;
						ProvisioningStyle = Automatic;
						TestTargetID = 21FA32371DE3BC8C0088590D;
					};
					21FA32591DE3BC8C0088590D = {
						CreatedOnToolsVersion = 8.1;
						ProvisioningStyle = Automatic;
						TestTargetID = 21FA32371DE3BC8C0088590D;
					};
				};
			};
			buildConfigurationList = 21FA32331DE3BC8C0088590D /* Build configuration list for PBXProject "World" */;
			compatibilityVersion = "Xcode 3.2";
			developmentRegion = English;
			hasScannedForEncodings = 0;
			knownRegions = (
				en,
				Base,
			);
			mainGroup = 21FA322F1DE3BC8C0088590D;
			productRefGroup = 21FA32391DE3BC8C0088590D /* Products */;
			projectDirPath = "";
			projectRoot = "";
			targets = (
				21FA32371DE3BC8C0088590D /* World */,
				21FA324E1DE3BC8C0088590D /* WorldTests */,
				21FA32591DE3BC8C0088590D /* WorldUITests */,
			);
		};
/* End PBXProject section */

/* Begin PBXResourcesBuildPhase section */
		21FA32361DE3BC8C0088590D /* Resources */ = {
			isa = PBXResourcesBuildPhase;
			buildActionMask = 2147483647;
			files = (
				21FA32491DE3BC8C0088590D /* LaunchScreen.storyboard in Resources */,
				21FA32461DE3BC8C0088590D /* Assets.xcassets in Resources */,
				21FA32411DE3BC8C0088590D /* Main.storyboard in Resources */,
			);
			runOnlyForDeploymentPostprocessing = 0;
		};
		21FA324D1DE3BC8C0088590D /* Resources */ = {
			isa = PBXResourcesBuildPhase;
			buildActionMask = 2147483647;
			files = (
			);
			runOnlyForDeploymentPostprocessing = 0;
		};
		21FA32581DE3BC8C0088590D /* Resources */ = {
			isa = PBXResourcesBuildPhase;
			buildActionMask = 2147483647;
			files = (
			);
			runOnlyForDeploymentPostprocessing = 0;
		};
/* End PBXResourcesBuildPhase section */

/* Begin PBXSourcesBuildPhase section */
		21FA32341DE3BC8C0088590D /* Sources */ = {
			isa = PBXSourcesBuildPhase;
			buildActionMask = 2147483647;
			files = (
				21FA32441DE3BC8C0088590D /* World.xcdatamodeld in Sources */,
				21FA323E1DE3BC8C0088590D /* ViewController.swift in Sources */,
				21FA323C1DE3BC8C0088590D /* AppDelegate.swift in Sources */,
			);
			runOnlyForDeploymentPostprocessing = 0;
		};
		21FA324B1DE3BC8C0088590D /* Sources */ = {
			isa = PBXSourcesBuildPhase;
			buildActionMask = 2147483647;
			files = (
				21FA32541DE3BC8C0088590D /* WorldTests.swift in Sources */,
			);
			runOnlyForDeploymentPostprocessing = 0;
		};
		21FA32561DE3BC8C0088590D /* Sources */ = {
			isa = PBXSourcesBuildPhase;
			buildActionMask = 2147483647;
			files = (
				21FA325F1DE3BC8C0088590D /* WorldUITests.swift in Sources */,
			);
			runOnlyForDeploymentPostprocessing = 0;
		};
/* End PBXSourcesBuildPhase section */

/* Begin PBXTargetDependency section */
		21FA32511DE3BC8C0088590D /* PBXTargetDependency */ = {
			isa = PBXTargetDependency;
			target = 21FA32371DE3BC8C0088590D /* World */;
			targetProxy = 21FA32501DE3BC8C0088590D /* PBXContainerItemProxy */;
		};
		21FA325C1DE3BC8C0088590D /* PBXTargetDependency */ = {
			isa = PBXTargetDependency;
			target = 21FA32371DE3BC8C0088590D /* World */;
			targetProxy = 21FA325B1DE3BC8C0088590D /* PBXContainerItemProxy */;
		};
/* End PBXTargetDependency section */

/* Begin PBXVariantGroup section */
		21FA323F1DE3BC8C0088590D /* Main.storyboard */ = {
			isa = PBXVariantGroup;
			children = (
				21FA32401DE3BC8C0088590D /* Base */,
			);
			name = Main.storyboard;
			sourceTree = "<group>";
		};
		21FA32471DE3BC8C0088590D /* LaunchScreen.storyboard */ = {
			isa = PBXVariantGroup;
			children = (
				21FA32481DE3BC8C0088590D /* Base */,
			);
			name = LaunchScreen.storyboard;
			sourceTree = "<group>";
		};
/* End PBXVariantGroup section */

/* Begin XCBuildConfiguration section */
		21FA32611DE3BC8C0088590D /* Debug */ = {
			isa = XCBuildConfiguration;
			buildSettings = {
				ALWAYS_SEARCH_USER_PATHS = NO;
				CLANG_ANALYZER_NONNULL = YES;
				CLANG_CXX_LANGUAGE_STANDARD = "gnu++0x";
				CLANG_CXX_LIBRARY = "libc++";
				CLANG_ENABLE_MODULES = YES;
				CLANG_ENABLE_OBJC_ARC = YES;
				CLANG_WARN_BOOL_CONVERSION = YES;
				CLANG_WARN_CONSTANT_CONVERSION = YES;
				CLANG_WARN_DIRECT_OBJC_ISA_USAGE = YES_ERROR;
				CLANG_WARN_DOCUMENTATION_COMMENTS = YES;
				CLANG_WARN_EMPTY_BODY = YES;
				CLANG_WARN_ENUM_CONVERSION = YES;
				CLANG_WARN_INFINITE_RECURSION = YES;
				CLANG_WARN_INT_CONVERSION = YES;
				CLANG_WARN_OBJC_ROOT_CLASS = YES_ERROR;
				CLANG_WARN_SUSPICIOUS_MOVES = YES;
				CLANG_WARN_UNREACHABLE_CODE = YES;
				CLANG_WARN__DUPLICATE_METHOD_MATCH = YES;
				"CODE_SIGN_IDENTITY[sdk=iphoneos*]" = "iPhone Developer";
				COPY_PHASE_STRIP = NO;
				DEBUG_INFORMATION_FORMAT = dwarf;
				ENABLE_STRICT_OBJC_MSGSEND = YES;
				ENABLE_TESTABILITY = YES;
				GCC_C_LANGUAGE_STANDARD = gnu99;
				GCC_DYNAMIC_NO_PIC = NO;
				GCC_NO_COMMON_BLOCKS = YES;
				GCC_OPTIMIZATION_LEVEL = 0;
				GCC_PREPROCESSOR_DEFINITIONS = (
					"DEBUG=1",
					"$(inherited)",
				);
				GCC_WARN_64_TO_32_BIT_CONVERSION = YES;
				GCC_WARN_ABOUT_RETURN_TYPE = YES_ERROR;
				GCC_WARN_UNDECLARED_SELECTOR = YES;
				GCC_WARN_UNINITIALIZED_AUTOS = YES_AGGRESSIVE;
				GCC_WARN_UNUSED_FUNCTION = YES;
				GCC_WARN_UNUSED_VARIABLE = YES;
				IPHONEOS_DEPLOYMENT_TARGET = 10.1;
				MTL_ENABLE_DEBUG_INFO = YES;
				ONLY_ACTIVE_ARCH = YES;
				SDKROOT = iphoneos;
				SWIFT_ACTIVE_COMPILATION_CONDITIONS = DEBUG;
				SWIFT_OPTIMIZATION_LEVEL = "-Onone";
			};
			name = Debug;
		};
		21FA32621DE3BC8C0088590D /* Release */ = {
			isa = XCBuildConfiguration;
			buildSettings = {
				ALWAYS_SEARCH_USER_PATHS = NO;
				CLANG_ANALYZER_NONNULL = YES;
				CLANG_CXX_LANGUAGE_STANDARD = "gnu++0x";
				CLANG_CXX_LIBRARY = "libc++";
				CLANG_ENABLE_MODULES = YES;
				CLANG_ENABLE_OBJC_ARC = YES;
				CLANG_WARN_BOOL_CONVERSION = YES;
				CLANG_WARN_CONSTANT_CONVERSION = YES;
				CLANG_WARN_DIRECT_OBJC_ISA_USAGE = YES_ERROR;
				CLANG_WARN_DOCUMENTATION_COMMENTS = YES;
				CLANG_WARN_EMPTY_BODY = YES;
				CLANG_WARN_ENUM_CONVERSION = YES;
				CLANG_WARN_INFINITE_RECURSION = YES;
				CLANG_WARN_INT_CONVERSION = YES;
				CLANG_WARN_OBJC_ROOT_CLASS = YES_ERROR;
				CLANG_WARN_SUSPICIOUS_MOVES = YES;
				CLANG_WARN_UNREACHABLE_CODE = YES;
				CLANG_WARN__DUPLICATE_METHOD_MATCH = YES;
				"CODE_SIGN_IDENTITY[sdk=iphoneos*]" = "iPhone Developer";
				COPY_PHASE_STRIP = NO;
				DEBUG_INFORMATION_FORMAT = "dwarf-with-dsym";
				ENABLE_NS_ASSERTIONS = NO;
				ENABLE_STRICT_OBJC_MSGSEND = YES;
				GCC_C_LANGUAGE_STANDARD = gnu99;
				GCC_NO_COMMON_BLOCKS = YES;
				GCC_WARN_64_TO_32_BIT_CONVERSION = YES;
				GCC_WARN_ABOUT_RETURN_TYPE = YES_ERROR;
				GCC_WARN_UNDECLARED_SELECTOR = YES;
				GCC_WARN_UNINITIALIZED_AUTOS = YES_AGGRESSIVE;
				GCC_WARN_UNUSED_FUNCTION = YES;
				GCC_WARN_UNUSED_VARIABLE = YES;
				IPHONEOS_DEPLOYMENT_TARGET = 10.1;
				MTL_ENABLE_DEBUG_INFO = NO;
				SDKROOT = iphoneos;
				SWIFT_OPTIMIZATION_LEVEL = "-Owholemodule";
				VALIDATE_PRODUCT = YES;
			};
			name = Release;
		};
		21FA32641DE3BC8C0088590D /* Debug */ = {
			isa = XCBuildConfiguration;
			buildSettings = {
				ASSETCATALOG_COMPILER_APPICON_NAME = AppIcon;
				INFOPLIST_FILE = World/Info.plist;
				LD_RUNPATH_SEARCH_PATHS = "$(inherited) @executable_path/Frameworks";
				PRODUCT_BUNDLE_IDENTIFIER = org.wilbourhall.World;
				PRODUCT_NAME = "$(TARGET_NAME)";
				SWIFT_VERSION = 3.0;
			};
			name = Debug;
		};
		21FA32651DE3BC8C0088590D /* Release */ = {
			isa = XCBuildConfiguration;
			buildSettings = {
				ASSETCATALOG_COMPILER_APPICON_NAME = AppIcon;
				INFOPLIST_FILE = World/Info.plist;
				LD_RUNPATH_SEARCH_PATHS = "$(inherited) @executable_path/Frameworks";
				PRODUCT_BUNDLE_IDENTIFIER = org.wilbourhall.World;
				PRODUCT_NAME = "$(TARGET_NAME)";
				SWIFT_VERSION = 3.0;
			};
			name = Release;
		};
		21FA32671DE3BC8C0088590D /* Debug */ = {
			isa = XCBuildConfiguration;
			buildSettings = {
				ALWAYS_EMBED_SWIFT_STANDARD_LIBRARIES = YES;
				BUNDLE_LOADER = "$(TEST_HOST)";
				INFOPLIST_FILE = WorldTests/Info.plist;
				LD_RUNPATH_SEARCH_PATHS = "$(inherited) @executable_path/Frameworks @loader_path/Frameworks";
				PRODUCT_BUNDLE_IDENTIFIER = org.wilbourhall.WorldTests;
				PRODUCT_NAME = "$(TARGET_NAME)";
				SWIFT_VERSION = 3.0;
				TEST_HOST = "$(BUILT_PRODUCTS_DIR)/World.app/World";
			};
			name = Debug;
		};
		21FA32681DE3BC8C0088590D /* Release */ = {
			isa = XCBuildConfiguration;
			buildSettings = {
				ALWAYS_EMBED_SWIFT_STANDARD_LIBRARIES = YES;
				BUNDLE_LOADER = "$(TEST_HOST)";
				INFOPLIST_FILE = WorldTests/Info.plist;
				LD_RUNPATH_SEARCH_PATHS = "$(inherited) @executable_path/Frameworks @loader_path/Frameworks";
				PRODUCT_BUNDLE_IDENTIFIER = org.wilbourhall.WorldTests;
				PRODUCT_NAME = "$(TARGET_NAME)";
				SWIFT_VERSION = 3.0;
				TEST_HOST = "$(BUILT_PRODUCTS_DIR)/World.app/World";
			};
			name = Release;
		};
		21FA326A1DE3BC8C0088590D /* Debug */ = {
			isa = XCBuildConfiguration;
			buildSettings = {
				ALWAYS_EMBED_SWIFT_STANDARD_LIBRARIES = YES;
				INFOPLIST_FILE = WorldUITests/Info.plist;
				LD_RUNPATH_SEARCH_PATHS = "$(inherited) @executable_path/Frameworks @loader_path/Frameworks";
				PRODUCT_BUNDLE_IDENTIFIER = org.wilbourhall.WorldUITests;
				PRODUCT_NAME = "$(TARGET_NAME)";
				SWIFT_VERSION = 3.0;
				TEST_TARGET_NAME = World;
			};
			name = Debug;
		};
		21FA326B1DE3BC8C0088590D /* Release */ = {
			isa = XCBuildConfiguration;
			buildSettings = {
				ALWAYS_EMBED_SWIFT_STANDARD_LIBRARIES = YES;
				INFOPLIST_FILE = WorldUITests/Info.plist;
				LD_RUNPATH_SEARCH_PATHS = "$(inherited) @executable_path/Frameworks @loader_path/Frameworks";
				PRODUCT_BUNDLE_IDENTIFIER = org.wilbourhall.WorldUITests;
				PRODUCT_NAME = "$(TARGET_NAME)";
				SWIFT_VERSION = 3.0;
				TEST_TARGET_NAME = World;
			};
			name = Release;
		};
/* End XCBuildConfiguration section */

/* Begin XCConfigurationList section */
		21FA32331DE3BC8C0088590D /* Build configuration list for PBXProject "World" */ = {
			isa = XCConfigurationList;
			buildConfigurations = (
				21FA32611DE3BC8C0088590D /* Debug */,
				21FA32621DE3BC8C0088590D /* Release */,
			);
			defaultConfigurationIsVisible = 0;
			defaultConfigurationName = Release;
		};
		21FA32631DE3BC8C0088590D /* Build configuration list for PBXNativeTarget "World" */ = {
			isa = XCConfigurationList;
			buildConfigurations = (
				21FA32641DE3BC8C0088590D /* Debug */,
				21FA32651DE3BC8C0088590D /* Release */,
			);
			defaultConfigurationIsVisible = 0;
		};
		21FA32661DE3BC8C0088590D /* Build configuration list for PBXNativeTarget "WorldTests" */ = {
			isa = XCConfigurationList;
			buildConfigurations = (
				21FA32671DE3BC8C0088590D /* Debug */,
				21FA32681DE3BC8C0088590D /* Release */,
			);
			defaultConfigurationIsVisible = 0;
		};
		21FA32691DE3BC8C0088590D /* Build configuration list for PBXNativeTarget "WorldUITests" */ = {
			isa = XCConfigurationList;
			buildConfigurations = (
				21FA326A1DE3BC8C0088590D /* Debug */,
				21FA326B1DE3BC8C0088590D /* Release */,
			);
			defaultConfigurationIsVisible = 0;
		};
/* End XCConfigurationList section */

/* Begin XCVersionGroup section */
		21FA32421DE3BC8C0088590D /* World.xcdatamodeld */ = {
			isa = XCVersionGroup;
			children = (
				21FA32431DE3BC8C0088590D /* World.xcdatamodel */,
			);
			currentVersion = 21FA32431DE3BC8C0088590D /* World.xcdatamodel */;
			path = World.xcdatamodeld;
			sourceTree = "<group>";
			versionGroupType = wrapper.xcdatamodel;
		};
/* End XCVersionGroup section */
	};
	rootObject = 21FA32301DE3BC8C0088590D /* Project object */;
}
